
Microsoft Visual Studio Solution File, Format Version 12.00
# Visual Studio Version 16
VisualStudioVersion = 16.0.31702.278
MinimumVisualStudioVersion = 10.0.40219.1
Project("{9A19103F-16F7-4668-BE54-9A1E7A4F7556}") = "Entidades", "Entidades\Entidades.csproj", "{857D5E57-9064-43B0-A4F0-E22C1BFE3FFB}"
EndProject
Project("{9A19103F-16F7-4668-BE54-9A1E7A4F7556}") = "Clinica-UI", "Clinica-UI\Clinica-UI.csproj", "{FB69F511-D243-41D6-9337-D8A6E9963CED}"
EndProject
Project("{FAE04EC0-301F-11D3-BF4B-00C04F79EFBC}") = "Excepciones", "Excepciones\Excepciones.csproj", "{51CAFA93-9D44-45CF-8C9F-7A94831751BB}"
EndProject
Global
	GlobalSection(SolutionConfigurationPlatforms) = preSolution
		Debug|Any CPU = Debug|Any CPU
		Release|Any CPU = Release|Any CPU
	EndGlobalSection
	GlobalSection(ProjectConfigurationPlatforms) = postSolution
		{857D5E57-9064-43B0-A4F0-E22C1BFE3FFB}.Debug|Any CPU.ActiveCfg = Debug|Any CPU
		{857D5E57-9064-43B0-A4F0-E22C1BFE3FFB}.Debug|Any CPU.Build.0 = Debug|Any CPU
		{857D5E57-9064-43B0-A4F0-E22C1BFE3FFB}.Release|Any CPU.ActiveCfg = Release|Any CPU
		{857D5E57-9064-43B0-A4F0-E22C1BFE3FFB}.Release|Any CPU.Build.0 = Release|Any CPU
		{FB69F511-D243-41D6-9337-D8A6E9963CED}.Debug|Any CPU.ActiveCfg = Debug|Any CPU
		{FB69F511-D243-41D6-9337-D8A6E9963CED}.Debug|Any CPU.Build.0 = Debug|Any CPU
		{FB69F511-D243-41D6-9337-D8A6E9963CED}.Release|Any CPU.ActiveCfg = Release|Any CPU
		{FB69F511-D243-41D6-9337-D8A6E9963CED}.Release|Any CPU.Build.0 = Release|Any CPU
		{51CAFA93-9D44-45CF-8C9F-7A94831751BB}.Debug|Any CPU.ActiveCfg = Debug|Any CPU
		{51CAFA93-9D44-45CF-8C9F-7A94831751BB}.Debug|Any CPU.Build.0 = Debug|Any CPU
		{51CAFA93-9D44-45CF-8C9F-7A94831751BB}.Release|Any CPU.ActiveCfg = Release|Any CPU
		{51CAFA93-9D44-45CF-8C9F-7A94831751BB}.Release|Any CPU.Build.0 = Release|Any CPU
	EndGlobalSection
	GlobalSection(SolutionProperties) = preSolution
		HideSolutionNode = FALSE
	EndGlobalSection
	GlobalSection(ExtensibilityGlobals) = postSolution
		SolutionGuid = {6BBCBBC0-20CA-487B-B2C9-39D55FE989E6}
	EndGlobalSection
EndGlobal
